// !$*UTF8*$!
{
	archiveVersion = 1;
	classes = {
	};
	objectVersion = 46;
	objects = {

/* Begin PBXBuildFile section */
		61B90B071AFA7E3500F4122B /* AppDelegate.swift in Sources */ = {isa = PBXBuildFile; fileRef = 61B90B061AFA7E3500F4122B /* AppDelegate.swift */; };
		61B90B091AFA7E3500F4122B /* ViewController.swift in Sources */ = {isa = PBXBuildFile; fileRef = 61B90B081AFA7E3500F4122B /* ViewController.swift */; };
		61B90B0C1AFA7E3500F4122B /* Main.storyboard in Resources */ = {isa = PBXBuildFile; fileRef = 61B90B0A1AFA7E3500F4122B /* Main.storyboard */; };
		61B90B0E1AFA7E3500F4122B /* Images.xcassets in Resources */ = {isa = PBXBuildFile; fileRef = 61B90B0D1AFA7E3500F4122B /* Images.xcassets */; };
		61B90B111AFA7E3500F4122B /* LaunchScreen.xib in Resources */ = {isa = PBXBuildFile; fileRef = 61B90B0F1AFA7E3500F4122B /* LaunchScreen.xib */; };
		61B90B1D1AFA7E3500F4122B /* PredictionTests.swift in Sources */ = {isa = PBXBuildFile; fileRef = 61B90B1C1AFA7E3500F4122B /* PredictionTests.swift */; };
/* End PBXBuildFile section */

/* Begin PBXContainerItemProxy section */
		61B90B171AFA7E3500F4122B /* PBXContainerItemProxy */ = {
			isa = PBXContainerItemProxy;
			containerPortal = 61B90AF91AFA7E3500F4122B /* Project object */;
			proxyType = 1;
			remoteGlobalIDString = 61B90B001AFA7E3500F4122B;
			remoteInfo = Prediction;
		};
/* End PBXContainerItemProxy section */

/* Begin PBXFileReference section */
		61B90B011AFA7E3500F4122B /* Prediction.app */ = {isa = PBXFileReference; explicitFileType = wrapper.application; includeInIndex = 0; path = Prediction.app; sourceTree = BUILT_PRODUCTS_DIR; };
		61B90B051AFA7E3500F4122B /* Info.plist */ = {isa = PBXFileReference; lastKnownFileType = text.plist.xml; path = Info.plist; sourceTree = "<group>"; };
		61B90B061AFA7E3500F4122B /* AppDelegate.swift */ = {isa = PBXFileReference; lastKnownFileType = sourcecode.swift; path = AppDelegate.swift; sourceTree = "<group>"; };
		61B90B081AFA7E3500F4122B /* ViewController.swift */ = {isa = PBXFileReference; lastKnownFileType = sourcecode.swift; path = ViewController.swift; sourceTree = "<group>"; };
		61B90B0B1AFA7E3500F4122B /* Base */ = {isa = PBXFileReference; lastKnownFileType = file.storyboard; name = Base; path = Base.lproj/Main.storyboard; sourceTree = "<group>"; };
		61B90B0D1AFA7E3500F4122B /* Images.xcassets */ = {isa = PBXFileReference; lastKnownFileType = folder.assetcatalog; path = Images.xcassets; sourceTree = "<group>"; };
		61B90B101AFA7E3500F4122B /* Base */ = {isa = PBXFileReference; lastKnownFileType = file.xib; name = Base; path = Base.lproj/LaunchScreen.xib; sourceTree = "<group>"; };
		61B90B161AFA7E3500F4122B /* PredictionTests.xctest */ = {isa = PBXFileReference; explicitFileType = wrapper.cfbundle; includeInIndex = 0; path = PredictionTests.xctest; sourceTree = BUILT_PRODUCTS_DIR; };
		61B90B1B1AFA7E3500F4122B /* Info.plist */ = {isa = PBXFileReference; lastKnownFileType = text.plist.xml; path = Info.plist; sourceTree = "<group>"; };
		61B90B1C1AFA7E3500F4122B /* PredictionTests.swift */ = {isa = PBXFileReference; lastKnownFileType = sourcecode.swift; path = PredictionTests.swift; sourceTree = "<group>"; };
/* End PBXFileReference section */

/* Begin PBXFrameworksBuildPhase section */
		61B90AFE1AFA7E3500F4122B /* Frameworks */ = {
			isa = PBXFrameworksBuildPhase;
			buildActionMask = 2147483647;
			files = (
			);
			runOnlyForDeploymentPostprocessing = 0;
		};
		61B90B131AFA7E3500F4122B /* Frameworks */ = {
			isa = PBXFrameworksBuildPhase;
			buildActionMask = 2147483647;
			files = (
			);
			runOnlyForDeploymentPostprocessing = 0;
		};
/* End PBXFrameworksBuildPhase section */

/* Begin PBXGroup section */
		61B90AF81AFA7E3500F4122B = {
			isa = PBXGroup;
			children = (
				61B90B031AFA7E3500F4122B /* Prediction */,
				61B90B191AFA7E3500F4122B /* PredictionTests */,
				61B90B021AFA7E3500F4122B /* Products */,
			);
			sourceTree = "<group>";
		};
		61B90B021AFA7E3500F4122B /* Products */ = {
			isa = PBXGroup;
			children = (
				61B90B011AFA7E3500F4122B /* Prediction.app */,
				61B90B161AFA7E3500F4122B /* PredictionTests.xctest */,
			);
			name = Products;
			sourceTree = "<group>";
		};
		61B90B031AFA7E3500F4122B /* Prediction */ = {
			isa = PBXGroup;
			children = (
				61B90B061AFA7E3500F4122B /* AppDelegate.swift */,
				61B90B081AFA7E3500F4122B /* ViewController.swift */,
				61B90B0A1AFA7E3500F4122B /* Main.storyboard */,
				61B90B0D1AFA7E3500F4122B /* Images.xcassets */,
				61B90B0F1AFA7E3500F4122B /* LaunchScreen.xib */,
				61B90B041AFA7E3500F4122B /* Supporting Files */,
			);
			path = Prediction;
			sourceTree = "<group>";
		};
		61B90B041AFA7E3500F4122B /* Supporting Files */ = {
			isa = PBXGroup;
			children = (
				61B90B051AFA7E3500F4122B /* Info.plist */,
			);
			name = "Supporting Files";
			sourceTree = "<group>";
		};
		61B90B191AFA7E3500F4122B /* PredictionTests */ = {
			isa = PBXGroup;
			children = (
				61B90B1C1AFA7E3500F4122B /* PredictionTests.swift */,
				61B90B1A1AFA7E3500F4122B /* Supporting Files */,
			);
			path = PredictionTests;
			sourceTree = "<group>";
		};
		61B90B1A1AFA7E3500F4122B /* Supporting Files */ = {
			isa = PBXGroup;
			children = (
				61B90B1B1AFA7E3500F4122B /* Info.plist */,
			);
			name = "Supporting Files";
			sourceTree = "<group>";
		};
/* End PBXGroup section */

/* Begin PBXNativeTarget section */
		61B90B001AFA7E3500F4122B /* Prediction */ = {
			isa = PBXNativeTarget;
			buildConfigurationList = 61B90B201AFA7E3500F4122B /* Build configuration list for PBXNativeTarget "Prediction" */;
			buildPhases = (
				61B90AFD1AFA7E3500F4122B /* Sources */,
				61B90AFE1AFA7E3500F4122B /* Frameworks */,
				61B90AFF1AFA7E3500F4122B /* Resources */,
			);
			buildRules = (
			);
			dependencies = (
			);
			name = Prediction;
			productName = Prediction;
			productReference = 61B90B011AFA7E3500F4122B /* Prediction.app */;
			productType = "com.apple.product-type.application";
		};
		61B90B151AFA7E3500F4122B /* PredictionTests */ = {
			isa = PBXNativeTarget;
			buildConfigurationList = 61B90B231AFA7E3500F4122B /* Build configuration list for PBXNativeTarget "PredictionTests" */;
			buildPhases = (
				61B90B121AFA7E3500F4122B /* Sources */,
				61B90B131AFA7E3500F4122B /* Frameworks */,
				61B90B141AFA7E3500F4122B /* Resources */,
			);
			buildRules = (
			);
			dependencies = (
				61B90B181AFA7E3500F4122B /* PBXTargetDependency */,
			);
			name = PredictionTests;
			productName = PredictionTests;
			productReference = 61B90B161AFA7E3500F4122B /* PredictionTests.xctest */;
			productType = "com.apple.product-type.bundle.unit-test";
		};
/* End PBXNativeTarget section */

/* Begin PBXProject section */
		61B90AF91AFA7E3500F4122B /* Project object */ = {
			isa = PBXProject;
			attributes = {
				LastUpgradeCheck = 0630;
				ORGANIZATIONNAME = "Thao Phung";
				TargetAttributes = {
					61B90B001AFA7E3500F4122B = {
						CreatedOnToolsVersion = 6.3.1;
					};
					61B90B151AFA7E3500F4122B = {
						CreatedOnToolsVersion = 6.3.1;
						TestTargetID = 61B90B001AFA7E3500F4122B;
					};
				};
			};
			buildConfigurationList = 61B90AFC1AFA7E3500F4122B /* Build configuration list for PBXProject "Prediction" */;
			compatibilityVersion = "Xcode 3.2";
			developmentRegion = English;
			hasScannedForEncodings = 0;
			knownRegions = (
				en,
				Base,
			);
			mainGroup = 61B90AF81AFA7E3500F4122B;
			productRefGroup = 61B90B021AFA7E3500F4122B /* Products */;
			projectDirPath = "";
			projectRoot = "";
			targets = (
				61B90B001AFA7E3500F4122B /* Prediction */,
				61B90B151AFA7E3500F4122B /* PredictionTests */,
			);
		};
/* End PBXProject section */

/* Begin PBXResourcesBuildPhase section */
		61B90AFF1AFA7E3500F4122B /* Resources */ = {
			isa = PBXResourcesBuildPhase;
			buildActionMask = 2147483647;
			files = (
				61B90B0C1AFA7E3500F4122B /* Main.storyboard in Resources */,
				61B90B111AFA7E3500F4122B /* LaunchScreen.xib in Resources */,
				61B90B0E1AFA7E3500F4122B /* Images.xcassets in Resources */,
			);
			runOnlyForDeploymentPostprocessing = 0;
		};
		61B90B141AFA7E3500F4122B /* Resources */ = {
			isa = PBXResourcesBuildPhase;
			buildActionMask = 2147483647;
			files = (
			);
			runOnlyForDeploymentPostprocessing = 0;
		};
/* End PBXResourcesBuildPhase section */

/* Begin PBXSourcesBuildPhase section */
		61B90AFD1AFA7E3500F4122B /* Sources */ = {
			isa = PBXSourcesBuildPhase;
			buildActionMask = 2147483647;
			files = (
				61B90B091AFA7E3500F4122B /* ViewController.swift in Sources */,
				61B90B071AFA7E3500F4122B /* AppDelegate.swift in Sources */,
			);
			runOnlyForDeploymentPostprocessing = 0;
		};
		61B90B121AFA7E3500F4122B /* Sources */ = {
			isa = PBXSourcesBuildPhase;
			buildActionMask = 2147483647;
			files = (
				61B90B1D1AFA7E3500F4122B /* PredictionTests.swift in Sources */,
			);
			runOnlyForDeploymentPostprocessing = 0;
		};
/* End PBXSourcesBuildPhase section */

/* Begin PBXTargetDependency section */
		61B90B181AFA7E3500F4122B /* PBXTargetDependency */ = {
			isa = PBXTargetDependency;
			target = 61B90B001AFA7E3500F4122B /* Prediction */;
			targetProxy = 61B90B171AFA7E3500F4122B /* PBXContainerItemProxy */;
		};
/* End PBXTargetDependency section */

/* Begin PBXVariantGroup section */
		61B90B0A1AFA7E3500F4122B /* Main.storyboard */ = {
			isa = PBXVariantGroup;
			children = (
				61B90B0B1AFA7E3500F4122B /* Base */,
			);
			name = Main.storyboard;
			sourceTree = "<group>";
		};
		61B90B0F1AFA7E3500F4122B /* LaunchScreen.xib */ = {
			isa = PBXVariantGroup;
			children = (
				61B90B101AFA7E3500F4122B /* Base */,
			);
			name = LaunchScreen.xib;
			sourceTree = "<group>";
		};
/* End PBXVariantGroup section */

/* Begin XCBuildConfiguration section */
		61B90B1E1AFA7E3500F4122B /* Debug */ = {
			isa = XCBuildConfiguration;
			buildSettings = {
				ALWAYS_SEARCH_USER_PATHS = NO;
				CLANG_CXX_LANGUAGE_STANDARD = "gnu++0x";
				CLANG_CXX_LIBRARY = "libc++";
				CLANG_ENABLE_MODULES = YES;
				CLANG_ENABLE_OBJC_ARC = YES;
				CLANG_WARN_BOOL_CONVERSION = YES;
				CLANG_WARN_CONSTANT_CONVERSION = YES;
				CLANG_WARN_DIRECT_OBJC_ISA_USAGE = YES_ERROR;
				CLANG_WARN_EMPTY_BODY = YES;
				CLANG_WARN_ENUM_CONVERSION = YES;
				CLANG_WARN_INT_CONVERSION = YES;
				CLANG_WARN_OBJC_ROOT_CLASS = YES_ERROR;
				CLANG_WARN_UNREACHABLE_CODE = YES;
				CLANG_WARN__DUPLICATE_METHOD_MATCH = YES;
				"CODE_SIGN_IDENTITY[sdk=iphoneos*]" = "iPhone Developer";
				COPY_PHASE_STRIP = NO;
				DEBUG_INFORMATION_FORMAT = "dwarf-with-dsym";
				ENABLE_STRICT_OBJC_MSGSEND = YES;
				GCC_C_LANGUAGE_STANDARD = gnu99;
				GCC_DYNAMIC_NO_PIC = NO;
				GCC_NO_COMMON_BLOCKS = YES;
				GCC_OPTIMIZATION_LEVEL = 0;
				GCC_PREPROCESSOR_DEFINITIONS = (
					"DEBUG=1",
					"$(inherited)",
				);
				GCC_SYMBOLS_PRIVATE_EXTERN = NO;
				GCC_WARN_64_TO_32_BIT_CONVERSION = YES;
				GCC_WARN_ABOUT_RETURN_TYPE = YES_ERROR;
				GCC_WARN_UNDECLARED_SELECTOR = YES;
				GCC_WARN_UNINITIALIZED_AUTOS = YES_AGGRESSIVE;
				GCC_WARN_UNUSED_FUNCTION = YES;
				GCC_WARN_UNUSED_VARIABLE = YES;
				IPHONEOS_DEPLOYMENT_TARGET = 8.3;
				MTL_ENABLE_DEBUG_INFO = YES;
				ONLY_ACTIVE_ARCH = YES;
				SDKROOT = iphoneos;
				SWIFT_OPTIMIZATION_LEVEL = "-Onone";
			};
			name = Debug;
		};
		61B90B1F1AFA7E3500F4122B /* Release */ = {
			isa = XCBuildConfiguration;
			buildSettings = {
				ALWAYS_SEARCH_USER_PATHS = NO;
				CLANG_CXX_LANGUAGE_STANDARD = "gnu++0x";
				CLANG_CXX_LIBRARY = "libc++";
				CLANG_ENABLE_MODULES = YES;
				CLANG_ENABLE_OBJC_ARC = YES;
				CLANG_WARN_BOOL_CONVERSION = YES;
				CLANG_WARN_CONSTANT_CONVERSION = YES;
				CLANG_WARN_DIRECT_OBJC_ISA_USAGE = YES_ERROR;
				CLANG_WARN_EMPTY_BODY = YES;
				CLANG_WARN_ENUM_CONVERSION = YES;
				CLANG_WARN_INT_CONVERSION = YES;
				CLANG_WARN_OBJC_ROOT_CLASS = YES_ERROR;
				CLANG_WARN_UNREACHABLE_CODE = YES;
				CLANG_WARN__DUPLICATE_METHOD_MATCH = YES;
				"CODE_SIGN_IDENTITY[sdk=iphoneos*]" = "iPhone Developer";
				COPY_PHASE_STRIP = NO;
				DEBUG_INFORMATION_FORMAT = "dwarf-with-dsym";
				ENABLE_NS_ASSERTIONS = NO;
				ENABLE_STRICT_OBJC_MSGSEND = YES;
				GCC_C_LANGUAGE_STANDARD = gnu99;
				GCC_NO_COMMON_BLOCKS = YES;
				GCC_WARN_64_TO_32_BIT_CONVERSION = YES;
				GCC_WARN_ABOUT_RETURN_TYPE = YES_ERROR;
				GCC_WARN_UNDECLARED_SELECTOR = YES;
				GCC_WARN_UNINITIALIZED_AUTOS = YES_AGGRESSIVE;
				GCC_WARN_UNUSED_FUNCTION = YES;
				GCC_WARN_UNUSED_VARIABLE = YES;
				IPHONEOS_DEPLOYMENT_TARGET = 8.3;
				MTL_ENABLE_DEBUG_INFO = NO;
				SDKROOT = iphoneos;
				VALIDATE_PRODUCT = YES;
			};
			name = Release;
		};
		61B90B211AFA7E3500F4122B /* Debug */ = {
			isa = XCBuildConfiguration;
			buildSettings = {
				ASSETCATALOG_COMPILER_APPICON_NAME = AppIcon;
				INFOPLIST_FILE = Prediction/Info.plist;
				LD_RUNPATH_SEARCH_PATHS = "$(inherited) @executable_path/Frameworks";
				PRODUCT_NAME = "$(TARGET_NAME)";
			};
			name = Debug;
		};
		61B90B221AFA7E3500F4122B /* Release */ = {
			isa = XCBuildConfiguration;
			buildSettings = {
				ASSETCATALOG_COMPILER_APPICON_NAME = AppIcon;
				INFOPLIST_FILE = Prediction/Info.plist;
				LD_RUNPATH_SEARCH_PATHS = "$(inherited) @executable_path/Frameworks";
				PRODUCT_NAME = "$(TARGET_NAME)";
			};
			name = Release;
		};
		61B90B241AFA7E3500F4122B /* Debug */ = {
			isa = XCBuildConfiguration;
			buildSettings = {
				BUNDLE_LOADER = "$(TEST_HOST)";
				FRAMEWORK_SEARCH_PATHS = (
					"$(SDKROOT)/Developer/Library/Frameworks",
					"$(inherited)",
				);
				GCC_PREPROCESSOR_DEFINITIONS = (
					"DEBUG=1",
					"$(inherited)",
				);
				INFOPLIST_FILE = PredictionTests/Info.plist;
				LD_RUNPATH_SEARCH_PATHS = "$(inherited) @executable_path/Frameworks @loader_path/Frameworks";
				PRODUCT_NAME = "$(TARGET_NAME)";
				TEST_HOST = "$(BUILT_PRODUCTS_DIR)/Prediction.app/Prediction";
			};
			name = Debug;
		};
		61B90B251AFA7E3500F4122B /* Release */ = {
			isa = XCBuildConfiguration;
			buildSettings = {
				BUNDLE_LOADER = "$(TEST_HOST)";
				FRAMEWORK_SEARCH_PATHS = (
					"$(SDKROOT)/Developer/Library/Frameworks",
					"$(inherited)",
				);
				INFOPLIST_FILE = PredictionTests/Info.plist;
				LD_RUNPATH_SEARCH_PATHS = "$(inherited) @executable_path/Frameworks @loader_path/Frameworks";
				PRODUCT_NAME = "$(TARGET_NAME)";
				TEST_HOST = "$(BUILT_PRODUCTS_DIR)/Prediction.app/Prediction";
			};
			name = Release;
		};
/* End XCBuildConfiguration section */

/* Begin XCConfigurationList section */
		61B90AFC1AFA7E3500F4122B /* Build configuration list for PBXProject "Prediction" */ = {
			isa = XCConfigurationList;
			buildConfigurations = (
				61B90B1E1AFA7E3500F4122B /* Debug */,
				61B90B1F1AFA7E3500F4122B /* Release */,
			);
			defaultConfigurationIsVisible = 0;
			defaultConfigurationName = Release;
		};
		61B90B201AFA7E3500F4122B /* Build configuration list for PBXNativeTarget "Prediction" */ = {
			isa = XCConfigurationList;
			buildConfigurations = (
				61B90B211AFA7E3500F4122B /* Debug */,
				61B90B221AFA7E3500F4122B /* Release */,
			);
			defaultConfigurationIsVisible = 0;
		};
		61B90B231AFA7E3500F4122B /* Build configuration list for PBXNativeTarget "PredictionTests" */ = {
			isa = XCConfigurationList;
			buildConfigurations = (
				61B90B241AFA7E3500F4122B /* Debug */,
				61B90B251AFA7E3500F4122B /* Release */,
			);
			defaultConfigurationIsVisible = 0;
		};
/* End XCConfigurationList section */
	};
	rootObject = 61B90AF91AFA7E3500F4122B /* Project object */;
}
